
Microsoft Visual Studio Solution File, Format Version 12.00
# Visual Studio Version 16
VisualStudioVersion = 16.0.29509.3
MinimumVisualStudioVersion = 10.0.40219.1
Project("{FAE04EC0-301F-11D3-BF4B-00C04F79EFBC}") = "CDTP_server_core", "CDTP_server_core\CDTP_server_core.csproj", "{5F16CA41-4A62-405B-927B-E054DF36AAA2}"
EndProject
Global
	GlobalSection(SolutionConfigurationPlatforms) = preSolution
		Debug|Any CPU = Debug|Any CPU
		Release|Any CPU = Release|Any CPU
	EndGlobalSection
	GlobalSection(ProjectConfigurationPlatforms) = postSolution
		{5F16CA41-4A62-405B-927B-E054DF36AAA2}.Debug|Any CPU.ActiveCfg = Debug|Any CPU
		{5F16CA41-4A62-405B-927B-E054DF36AAA2}.Debug|Any CPU.Build.0 = Debug|Any CPU
		{5F16CA41-4A62-405B-927B-E054DF36AAA2}.Release|Any CPU.ActiveCfg = Release|Any CPU
		{5F16CA41-4A62-405B-927B-E054DF36AAA2}.Release|Any CPU.Build.0 = Release|Any CPU
	EndGlobalSection
	GlobalSection(SolutionProperties) = preSolution
		HideSolutionNode = FALSE
	EndGlobalSection
	GlobalSection(ExtensibilityGlobals) = postSolution
		SolutionGuid = {0F30F7C9-70E6-4701-9D6C-E71870AF66DD}
	EndGlobalSection
EndGlobal
